
Microsoft Visual Studio Solution File, Format Version 12.00
# Visual Studio 14
VisualStudioVersion = 14.0.23107.0
MinimumVisualStudioVersion = 10.0.40219.1
Project("{FAE04EC0-301F-11D3-BF4B-00C04F79EFBC}") = "MIS", "MIS\MIS.csproj", "{CF1E3885-9225-4BC8-BB79-2986D2B1DBA1}"
EndProject
Project("{54435603-DBB4-11D2-8724-00A0C9A8B90C}") = "MISSetup", "MISSetup\MISSetup.vdproj", "{53F46D2A-C123-47F2-88AA-DCC07C3F38A7}"
EndProject
Global
	GlobalSection(SolutionConfigurationPlatforms) = preSolution
		Debug|Any CPU = Debug|Any CPU
		Release|Any CPU = Release|Any CPU
	EndGlobalSection
	GlobalSection(ProjectConfigurationPlatforms) = postSolution
		{CF1E3885-9225-4BC8-BB79-2986D2B1DBA1}.Debug|Any CPU.ActiveCfg = Debug|Any CPU
		{CF1E3885-9225-4BC8-BB79-2986D2B1DBA1}.Debug|Any CPU.Build.0 = Debug|Any CPU
		{CF1E3885-9225-4BC8-BB79-2986D2B1DBA1}.Release|Any CPU.ActiveCfg = Release|Any CPU
		{CF1E3885-9225-4BC8-BB79-2986D2B1DBA1}.Release|Any CPU.Build.0 = Release|Any CPU
		{53F46D2A-C123-47F2-88AA-DCC07C3F38A7}.Debug|Any CPU.ActiveCfg = Debug
		{53F46D2A-C123-47F2-88AA-DCC07C3F38A7}.Release|Any CPU.ActiveCfg = Release
	EndGlobalSection
	GlobalSection(SolutionProperties) = preSolution
		HideSolutionNode = FALSE
	EndGlobalSection
EndGlobal
